# This file is @generated by PDM.
# It is not intended for manual editing.

[metadata]
groups = ["default"]
strategy = ["inherit_metadata"]
lock_version = "4.5.0"
content_hash = "sha256:3b30a0fc6c2d313568ac562a35d265e2d0d78668242676cbdeb9b91926dc4c32"

[[metadata.targets]]
requires_python = ">=3.8"

[[package]]
name = "duckdb"
version = "1.1.0"
requires_python = ">=3.7.0"
summary = "DuckDB in-process database"
groups = ["default"]
files = [
    {file = "duckdb-1.1.0-cp310-cp310-macosx_12_0_arm64.whl", hash = "sha256:5e4cbc408e6e41146dea89b9044dae7356e353db0c96b183e5583ee02bc6ae5d"},
    {file = "duckdb-1.1.0-cp310-cp310-macosx_12_0_universal2.whl", hash = "sha256:6370ae27ec8167ccfbefb94f58ad9fdc7bac142399960549d6d367f233189868"},
    {file = "duckdb-1.1.0-cp310-cp310-macosx_12_0_x86_64.whl", hash = "sha256:4e1c3414f7fd01f4810dc8b335deffc91933a159282d65fef11c1286bc0ded04"},
    {file = "duckdb-1.1.0-cp310-cp310-manylinux_2_17_aarch64.manylinux2014_aarch64.whl", hash = "sha256:c6bc2a58689adf5520303c5f68b065b9f980bd31f1366c541b8c7490abaf55cd"},
    {file = "duckdb-1.1.0-cp310-cp310-manylinux_2_17_x86_64.manylinux2014_x86_64.whl", hash = "sha256:d02be208d2885ca085d4c852b911493b8cdac9d6eae893259da32bd72a437c25"},
    {file = "duckdb-1.1.0-cp310-cp310-manylinux_2_24_aarch64.manylinux_2_28_aarch64.whl", hash = "sha256:655df442ceebfc6f3fd6c8766e04b60d44dddedfa90275d794f9fab2d3180879"},
    {file = "duckdb-1.1.0-cp310-cp310-musllinux_1_2_x86_64.whl", hash = "sha256:6e183729bb64be7798ccbfda6283ebf423c869268c25af2b56929e48f763be2f"},
    {file = "duckdb-1.1.0-cp310-cp310-win_amd64.whl", hash = "sha256:61fb838da51e07ceb0222c4406b059b90e10efcc453c19a3650b73c0112138c4"},
    {file = "duckdb-1.1.0-cp311-cp311-macosx_12_0_arm64.whl", hash = "sha256:7807e2f0d3344668e433f0dc1f54bfaddd410589611393e9a7ed56f8dec9514f"},
    {file = "duckdb-1.1.0-cp311-cp311-macosx_12_0_universal2.whl", hash = "sha256:3da30b7b466f710d52caa1fdc3ef0bf4176ad7f115953cd9f8b0fbf0f723778f"},
    {file = "duckdb-1.1.0-cp311-cp311-macosx_12_0_x86_64.whl", hash = "sha256:b9b6a77ef0183f561b1fc2945fcc762a71570ffd33fea4e3a855d413ed596fe4"},
    {file = "duckdb-1.1.0-cp311-cp311-manylinux_2_17_aarch64.manylinux2014_aarch64.whl", hash = "sha256:16243e66a9fd0e64ee265f2634d137adc6593f54ddf3ef55cb8a29e1decf6e54"},
    {file = "duckdb-1.1.0-cp311-cp311-manylinux_2_17_x86_64.manylinux2014_x86_64.whl", hash = "sha256:42b910a149e00f40a1766dc74fa309d4255b912a5d2fdcc387287658048650f6"},
    {file = "duckdb-1.1.0-cp311-cp311-manylinux_2_24_aarch64.manylinux_2_28_aarch64.whl", hash = "sha256:47849d546dc4238c0f20e95fe53b621aa5b08684e68fff91fd84a7092be91a17"},
    {file = "duckdb-1.1.0-cp311-cp311-musllinux_1_2_x86_64.whl", hash = "sha256:11ec967b67159361ceade34095796a8d19368ea5c30cad988f44896b082b0816"},
    {file = "duckdb-1.1.0-cp311-cp311-win_amd64.whl", hash = "sha256:510b5885ed6c267b9c0e1e7c6138fdffc2dd6f934a5a95b76da85da127213338"},
    {file = "duckdb-1.1.0-cp312-cp312-macosx_12_0_arm64.whl", hash = "sha256:657bc7ac64d5faf069a782ae73afac51ef30ae2e5d0e09ce6a09d03db84ab35e"},
    {file = "duckdb-1.1.0-cp312-cp312-macosx_12_0_universal2.whl", hash = "sha256:89f3de8cba57d19b41cd3c47dd06d979bd2a2ffead115480e37afbe72b02896d"},
    {file = "duckdb-1.1.0-cp312-cp312-macosx_12_0_x86_64.whl", hash = "sha256:f6486323ab20656d22ffa8f3c6e109dde30d0b327b7c831f22ebcfe747f97fb0"},
    {file = "duckdb-1.1.0-cp312-cp312-manylinux_2_17_aarch64.manylinux2014_aarch64.whl", hash = "sha256:78a4510f82431ee3f14db689fe8727a4a9062c8f2fbb3bcfe3bfad3c1a198004"},
    {file = "duckdb-1.1.0-cp312-cp312-manylinux_2_17_x86_64.manylinux2014_x86_64.whl", hash = "sha256:64bf2a6e23840d662bd2ac09206a9bd4fa657418884d69e5c352d4456dc70b3c"},
    {file = "duckdb-1.1.0-cp312-cp312-manylinux_2_24_aarch64.manylinux_2_28_aarch64.whl", hash = "sha256:23fc9aa0af74e3803ed90c8d98280fd5bcac8c940592bf6288e8fd60fb051d00"},
    {file = "duckdb-1.1.0-cp312-cp312-musllinux_1_2_x86_64.whl", hash = "sha256:1f3aea31341ce400640dd522e4399b941f66df17e39884f446638fe958d6117c"},
    {file = "duckdb-1.1.0-cp312-cp312-win_amd64.whl", hash = "sha256:3db4ab31c20de4edaef152930836b38e7662cd71370748fdf2c38ba9cf854dc4"},
    {file = "duckdb-1.1.0-cp38-cp38-macosx_12_0_arm64.whl", hash = "sha256:55ef98bcc7ba745752607f1b926e8d9b7ce32c42c423bbad10c44820aefe23a7"},
    {file = "duckdb-1.1.0-cp38-cp38-macosx_12_0_universal2.whl", hash = "sha256:e2a08175e43b865c1e9611efd18cacd29ddd69093de442b1ebdf312071df7719"},
    {file = "duckdb-1.1.0-cp38-cp38-macosx_12_0_x86_64.whl", hash = "sha256:0e3644b1f034012d82b9baa12a7ea306fe71dc6623731b28c753c4a617ff9499"},
    {file = "duckdb-1.1.0-cp38-cp38-manylinux_2_17_aarch64.manylinux2014_aarch64.whl", hash = "sha256:211a33c1ddb5cc609f75eb43772b0b03b45d2fa89bec107e4715267ca907806a"},
    {file = "duckdb-1.1.0-cp38-cp38-manylinux_2_17_x86_64.manylinux2014_x86_64.whl", hash = "sha256:8e74b6f8a5145abbf7e6c1a2a61f0adbcd493c19b358f524ec9a3cebdf362abb"},
    {file = "duckdb-1.1.0-cp38-cp38-manylinux_2_24_aarch64.manylinux_2_28_aarch64.whl", hash = "sha256:58f1633dd2c5af5088ae2d119418e200855d0699d84f2fae9d46d30f404bcead"},
    {file = "duckdb-1.1.0-cp38-cp38-musllinux_1_2_x86_64.whl", hash = "sha256:d18caea926b1e301c29b140418fca697aad728129e269b4f82c2795a184549e1"},
    {file = "duckdb-1.1.0-cp38-cp38-win_amd64.whl", hash = "sha256:cd9fb1408942411ad360f8414bc3fbf0091c396ca903d947a10f2e31324d5cbd"},
    {file = "duckdb-1.1.0-cp39-cp39-macosx_12_0_arm64.whl", hash = "sha256:bd11bc899cebf5ff936d1276a2dfb7b7db08aba3bcc42924afeafc2163bddb43"},
    {file = "duckdb-1.1.0-cp39-cp39-macosx_12_0_universal2.whl", hash = "sha256:53825a63193c582a78c152ea53de8d145744ddbeea18f452625a82ebc33eb14a"},
    {file = "duckdb-1.1.0-cp39-cp39-macosx_12_0_x86_64.whl", hash = "sha256:29dc18087de47563b3859a6b98bbed96e1c96ce5db829646dc3b16a916997e7d"},
    {file = "duckdb-1.1.0-cp39-cp39-manylinux_2_17_aarch64.manylinux2014_aarch64.whl", hash = "sha256:ecb19319883564237a7a03a104dbe7f445e73519bb67108fcab3d19b6b91fe30"},
    {file = "duckdb-1.1.0-cp39-cp39-manylinux_2_17_x86_64.manylinux2014_x86_64.whl", hash = "sha256:aac2fcabe2d5072c252d0b3087365f431de812d8199705089fb073e4d039d19c"},
    {file = "duckdb-1.1.0-cp39-cp39-manylinux_2_24_aarch64.manylinux_2_28_aarch64.whl", hash = "sha256:d89eaaa5df8a57e7d2bc1f4c46493bb1fee319a00155f2015810ad2ace6570ae"},
    {file = "duckdb-1.1.0-cp39-cp39-musllinux_1_2_x86_64.whl", hash = "sha256:d86a6926313913cd2cc7e08816d3e7f72ba340adf2959279b1a80058be6526d9"},
    {file = "duckdb-1.1.0-cp39-cp39-win_amd64.whl", hash = "sha256:d8333f3e85fa2a0f1c222b752c2bd42ea875235ff88492f7bcbb6867d0f644eb"},
    {file = "duckdb-1.1.0.tar.gz", hash = "sha256:b4d4c12b1f98732151bd31377753e0da1a20f6423016d2d097d2e31953ec7c23"},
]

[[package]]
name = "joblib"
version = "1.4.2"
requires_python = ">=3.8"
summary = "Lightweight pipelining with Python functions"
groups = ["default"]
files = [
    {file = "joblib-1.4.2-py3-none-any.whl", hash = "sha256:06d478d5674cbc267e7496a410ee875abd68e4340feff4490bcb7afb88060ae6"},
    {file = "joblib-1.4.2.tar.gz", hash = "sha256:2382c5816b2636fbd20a09e0f4e9dad4736765fdfb7dca582943b9c1366b3f0e"},
]

[[package]]
name = "numpy"
version = "1.24.4"
requires_python = ">=3.8"
summary = "Fundamental package for array computing in Python"
groups = ["default"]
files = [
    {file = "numpy-1.24.4-cp310-cp310-macosx_10_9_x86_64.whl", hash = "sha256:c0bfb52d2169d58c1cdb8cc1f16989101639b34c7d3ce60ed70b19c63eba0b64"},
    {file = "numpy-1.24.4-cp310-cp310-macosx_11_0_arm64.whl", hash = "sha256:ed094d4f0c177b1b8e7aa9cba7d6ceed51c0e569a5318ac0ca9a090680a6a1b1"},
    {file = "numpy-1.24.4-cp310-cp310-manylinux_2_17_aarch64.manylinux2014_aarch64.whl", hash = "sha256:79fc682a374c4a8ed08b331bef9c5f582585d1048fa6d80bc6c35bc384eee9b4"},
    {file = "numpy-1.24.4-cp310-cp310-manylinux_2_17_x86_64.manylinux2014_x86_64.whl", hash = "sha256:7ffe43c74893dbf38c2b0a1f5428760a1a9c98285553c89e12d70a96a7f3a4d6"},
    {file = "numpy-1.24.4-cp310-cp310-win32.whl", hash = "sha256:4c21decb6ea94057331e111a5bed9a79d335658c27ce2adb580fb4d54f2ad9bc"},
    {file = "numpy-1.24.4-cp310-cp310-win_amd64.whl", hash = "sha256:b4bea75e47d9586d31e892a7401f76e909712a0fd510f58f5337bea9572c571e"},
    {file = "numpy-1.24.4-cp311-cp311-macosx_10_9_x86_64.whl", hash = "sha256:f136bab9c2cfd8da131132c2cf6cc27331dd6fae65f95f69dcd4ae3c3639c810"},
    {file = "numpy-1.24.4-cp311-cp311-macosx_11_0_arm64.whl", hash = "sha256:e2926dac25b313635e4d6cf4dc4e51c8c0ebfed60b801c799ffc4c32bf3d1254"},
    {file = "numpy-1.24.4-cp311-cp311-manylinux_2_17_aarch64.manylinux2014_aarch64.whl", hash = "sha256:222e40d0e2548690405b0b3c7b21d1169117391c2e82c378467ef9ab4c8f0da7"},
    {file = "numpy-1.24.4-cp311-cp311-manylinux_2_17_x86_64.manylinux2014_x86_64.whl", hash = "sha256:7215847ce88a85ce39baf9e89070cb860c98fdddacbaa6c0da3ffb31b3350bd5"},
    {file = "numpy-1.24.4-cp311-cp311-win32.whl", hash = "sha256:4979217d7de511a8d57f4b4b5b2b965f707768440c17cb70fbf254c4b225238d"},
    {file = "numpy-1.24.4-cp311-cp311-win_amd64.whl", hash = "sha256:b7b1fc9864d7d39e28f41d089bfd6353cb5f27ecd9905348c24187a768c79694"},
    {file = "numpy-1.24.4-cp38-cp38-macosx_10_9_x86_64.whl", hash = "sha256:1452241c290f3e2a312c137a9999cdbf63f78864d63c79039bda65ee86943f61"},
    {file = "numpy-1.24.4-cp38-cp38-macosx_11_0_arm64.whl", hash = "sha256:04640dab83f7c6c85abf9cd729c5b65f1ebd0ccf9de90b270cd61935eef0197f"},
    {file = "numpy-1.24.4-cp38-cp38-manylinux_2_17_aarch64.manylinux2014_aarch64.whl", hash = "sha256:a5425b114831d1e77e4b5d812b69d11d962e104095a5b9c3b641a218abcc050e"},
    {file = "numpy-1.24.4-cp38-cp38-manylinux_2_17_x86_64.manylinux2014_x86_64.whl", hash = "sha256:dd80e219fd4c71fc3699fc1dadac5dcf4fd882bfc6f7ec53d30fa197b8ee22dc"},
    {file = "numpy-1.24.4-cp38-cp38-win32.whl", hash = "sha256:4602244f345453db537be5314d3983dbf5834a9701b7723ec28923e2889e0bb2"},
    {file = "numpy-1.24.4-cp38-cp38-win_amd64.whl", hash = "sha256:692f2e0f55794943c5bfff12b3f56f99af76f902fc47487bdfe97856de51a706"},
    {file = "numpy-1.24.4-cp39-cp39-macosx_10_9_x86_64.whl", hash = "sha256:2541312fbf09977f3b3ad449c4e5f4bb55d0dbf79226d7724211acc905049400"},
    {file = "numpy-1.24.4-cp39-cp39-macosx_11_0_arm64.whl", hash = "sha256:9667575fb6d13c95f1b36aca12c5ee3356bf001b714fc354eb5465ce1609e62f"},
    {file = "numpy-1.24.4-cp39-cp39-manylinux_2_17_aarch64.manylinux2014_aarch64.whl", hash = "sha256:f3a86ed21e4f87050382c7bc96571755193c4c1392490744ac73d660e8f564a9"},
    {file = "numpy-1.24.4-cp39-cp39-manylinux_2_17_x86_64.manylinux2014_x86_64.whl", hash = "sha256:d11efb4dbecbdf22508d55e48d9c8384db795e1b7b51ea735289ff96613ff74d"},
    {file = "numpy-1.24.4-cp39-cp39-win32.whl", hash = "sha256:6620c0acd41dbcb368610bb2f4d83145674040025e5536954782467100aa8835"},
    {file = "numpy-1.24.4-cp39-cp39-win_amd64.whl", hash = "sha256:befe2bf740fd8373cf56149a5c23a0f601e82869598d41f8e188a0e9869926f8"},
    {file = "numpy-1.24.4-pp38-pypy38_pp73-macosx_10_9_x86_64.whl", hash = "sha256:31f13e25b4e304632a4619d0e0777662c2ffea99fcae2029556b17d8ff958aef"},
    {file = "numpy-1.24.4-pp38-pypy38_pp73-manylinux_2_17_x86_64.manylinux2014_x86_64.whl", hash = "sha256:95f7ac6540e95bc440ad77f56e520da5bf877f87dca58bd095288dce8940532a"},
    {file = "numpy-1.24.4-pp38-pypy38_pp73-win_amd64.whl", hash = "sha256:e98f220aa76ca2a977fe435f5b04d7b3470c0a2e6312907b37ba6068f26787f2"},
    {file = "numpy-1.24.4.tar.gz", hash = "sha256:80f5e3a4e498641401868df4208b74581206afbee7cf7b8329daae82676d9463"},
]

[[package]]
name = "orjson"
version = "3.10.7"
requires_python = ">=3.8"
summary = "Fast, correct Python JSON library supporting dataclasses, datetimes, and numpy"
groups = ["default"]
files = [
    {file = "orjson-3.10.7-cp310-cp310-macosx_10_15_x86_64.macosx_11_0_arm64.macosx_10_15_universal2.whl", hash = "sha256:74f4544f5a6405b90da8ea724d15ac9c36da4d72a738c64685003337401f5c12"},
    {file = "orjson-3.10.7-cp310-cp310-manylinux_2_17_aarch64.manylinux2014_aarch64.whl", hash = "sha256:34a566f22c28222b08875b18b0dfbf8a947e69df21a9ed5c51a6bf91cfb944ac"},
    {file = "orjson-3.10.7-cp310-cp310-manylinux_2_17_armv7l.manylinux2014_armv7l.whl", hash = "sha256:bf6ba8ebc8ef5792e2337fb0419f8009729335bb400ece005606336b7fd7bab7"},
    {file = "orjson-3.10.7-cp310-cp310-manylinux_2_17_ppc64le.manylinux2014_ppc64le.whl", hash = "sha256:ac7cf6222b29fbda9e3a472b41e6a5538b48f2c8f99261eecd60aafbdb60690c"},
    {file = "orjson-3.10.7-cp310-cp310-manylinux_2_17_s390x.manylinux2014_s390x.whl", hash = "sha256:de817e2f5fc75a9e7dd350c4b0f54617b280e26d1631811a43e7e968fa71e3e9"},
    {file = "orjson-3.10.7-cp310-cp310-manylinux_2_17_x86_64.manylinux2014_x86_64.whl", hash = "sha256:348bdd16b32556cf8d7257b17cf2bdb7ab7976af4af41ebe79f9796c218f7e91"},
    {file = "orjson-3.10.7-cp310-cp310-musllinux_1_2_aarch64.whl", hash = "sha256:479fd0844ddc3ca77e0fd99644c7fe2de8e8be1efcd57705b5c92e5186e8a250"},
    {file = "orjson-3.10.7-cp310-cp310-musllinux_1_2_x86_64.whl", hash = "sha256:fdf5197a21dd660cf19dfd2a3ce79574588f8f5e2dbf21bda9ee2d2b46924d84"},
    {file = "orjson-3.10.7-cp310-none-win32.whl", hash = "sha256:d374d36726746c81a49f3ff8daa2898dccab6596864ebe43d50733275c629175"},
    {file = "orjson-3.10.7-cp310-none-win_amd64.whl", hash = "sha256:cb61938aec8b0ffb6eef484d480188a1777e67b05d58e41b435c74b9d84e0b9c"},
    {file = "orjson-3.10.7-cp311-cp311-macosx_10_15_x86_64.macosx_11_0_arm64.macosx_10_15_universal2.whl", hash = "sha256:7db8539039698ddfb9a524b4dd19508256107568cdad24f3682d5773e60504a2"},
    {file = "orjson-3.10.7-cp311-cp311-manylinux_2_17_aarch64.manylinux2014_aarch64.whl", hash = "sha256:480f455222cb7a1dea35c57a67578848537d2602b46c464472c995297117fa09"},
    {file = "orjson-3.10.7-cp311-cp311-manylinux_2_17_armv7l.manylinux2014_armv7l.whl", hash = "sha256:8a9c9b168b3a19e37fe2778c0003359f07822c90fdff8f98d9d2a91b3144d8e0"},
    {file = "orjson-3.10.7-cp311-cp311-manylinux_2_17_ppc64le.manylinux2014_ppc64le.whl", hash = "sha256:8de062de550f63185e4c1c54151bdddfc5625e37daf0aa1e75d2a1293e3b7d9a"},
    {file = "orjson-3.10.7-cp311-cp311-manylinux_2_17_s390x.manylinux2014_s390x.whl", hash = "sha256:6b0dd04483499d1de9c8f6203f8975caf17a6000b9c0c54630cef02e44ee624e"},
    {file = "orjson-3.10.7-cp311-cp311-manylinux_2_17_x86_64.manylinux2014_x86_64.whl", hash = "sha256:b58d3795dafa334fc8fd46f7c5dc013e6ad06fd5b9a4cc98cb1456e7d3558bd6"},
    {file = "orjson-3.10.7-cp311-cp311-musllinux_1_2_aarch64.whl", hash = "sha256:33cfb96c24034a878d83d1a9415799a73dc77480e6c40417e5dda0710d559ee6"},
    {file = "orjson-3.10.7-cp311-cp311-musllinux_1_2_x86_64.whl", hash = "sha256:e724cebe1fadc2b23c6f7415bad5ee6239e00a69f30ee423f319c6af70e2a5c0"},
    {file = "orjson-3.10.7-cp311-none-win32.whl", hash = "sha256:82763b46053727a7168d29c772ed5c870fdae2f61aa8a25994c7984a19b1021f"},
    {file = "orjson-3.10.7-cp311-none-win_amd64.whl", hash = "sha256:eb8d384a24778abf29afb8e41d68fdd9a156cf6e5390c04cc07bbc24b89e98b5"},
    {file = "orjson-3.10.7-cp312-cp312-macosx_10_15_x86_64.macosx_11_0_arm64.macosx_10_15_universal2.whl", hash = "sha256:44a96f2d4c3af51bfac6bc4ef7b182aa33f2f054fd7f34cc0ee9a320d051d41f"},
    {file = "orjson-3.10.7-cp312-cp312-manylinux_2_17_aarch64.manylinux2014_aarch64.whl", hash = "sha256:76ac14cd57df0572453543f8f2575e2d01ae9e790c21f57627803f5e79b0d3c3"},
    {file = "orjson-3.10.7-cp312-cp312-manylinux_2_17_armv7l.manylinux2014_armv7l.whl", hash = "sha256:bdbb61dcc365dd9be94e8f7df91975edc9364d6a78c8f7adb69c1cdff318ec93"},
    {file = "orjson-3.10.7-cp312-cp312-manylinux_2_17_ppc64le.manylinux2014_ppc64le.whl", hash = "sha256:b48b3db6bb6e0a08fa8c83b47bc169623f801e5cc4f24442ab2b6617da3b5313"},
    {file = "orjson-3.10.7-cp312-cp312-manylinux_2_17_s390x.manylinux2014_s390x.whl", hash = "sha256:23820a1563a1d386414fef15c249040042b8e5d07b40ab3fe3efbfbbcbcb8864"},
    {file = "orjson-3.10.7-cp312-cp312-manylinux_2_17_x86_64.manylinux2014_x86_64.whl", hash = "sha256:a0c6a008e91d10a2564edbb6ee5069a9e66df3fbe11c9a005cb411f441fd2c09"},
    {file = "orjson-3.10.7-cp312-cp312-musllinux_1_2_aarch64.whl", hash = "sha256:d352ee8ac1926d6193f602cbe36b1643bbd1bbcb25e3c1a657a4390f3000c9a5"},
    {file = "orjson-3.10.7-cp312-cp312-musllinux_1_2_x86_64.whl", hash = "sha256:d2d9f990623f15c0ae7ac608103c33dfe1486d2ed974ac3f40b693bad1a22a7b"},
    {file = "orjson-3.10.7-cp312-none-win32.whl", hash = "sha256:7c4c17f8157bd520cdb7195f75ddbd31671997cbe10aee559c2d613592e7d7eb"},
    {file = "orjson-3.10.7-cp312-none-win_amd64.whl", hash = "sha256:1d9c0e733e02ada3ed6098a10a8ee0052dd55774de3d9110d29868d24b17faa1"},
    {file = "orjson-3.10.7-cp313-cp313-macosx_10_15_x86_64.macosx_11_0_arm64.macosx_10_15_universal2.whl", hash = "sha256:77d325ed866876c0fa6492598ec01fe30e803272a6e8b10e992288b009cbe149"},
    {file = "orjson-3.10.7-cp313-cp313-manylinux_2_17_x86_64.manylinux2014_x86_64.whl", hash = "sha256:9ea2c232deedcb605e853ae1db2cc94f7390ac776743b699b50b071b02bea6fe"},
    {file = "orjson-3.10.7-cp313-cp313-musllinux_1_2_aarch64.whl", hash = "sha256:3dcfbede6737fdbef3ce9c37af3fb6142e8e1ebc10336daa05872bfb1d87839c"},
    {file = "orjson-3.10.7-cp313-cp313-musllinux_1_2_x86_64.whl", hash = "sha256:11748c135f281203f4ee695b7f80bb1358a82a63905f9f0b794769483ea854ad"},
    {file = "orjson-3.10.7-cp313-none-win32.whl", hash = "sha256:a7e19150d215c7a13f39eb787d84db274298d3f83d85463e61d277bbd7f401d2"},
    {file = "orjson-3.10.7-cp313-none-win_amd64.whl", hash = "sha256:eef44224729e9525d5261cc8d28d6b11cafc90e6bd0be2157bde69a52ec83024"},
    {file = "orjson-3.10.7-cp38-cp38-macosx_10_15_x86_64.macosx_11_0_arm64.macosx_10_15_universal2.whl", hash = "sha256:6ea2b2258eff652c82652d5e0f02bd5e0463a6a52abb78e49ac288827aaa1469"},
    {file = "orjson-3.10.7-cp38-cp38-manylinux_2_17_aarch64.manylinux2014_aarch64.whl", hash = "sha256:430ee4d85841e1483d487e7b81401785a5dfd69db5de01314538f31f8fbf7ee1"},
    {file = "orjson-3.10.7-cp38-cp38-manylinux_2_17_armv7l.manylinux2014_armv7l.whl", hash = "sha256:4b6146e439af4c2472c56f8540d799a67a81226e11992008cb47e1267a9b3225"},
    {file = "orjson-3.10.7-cp38-cp38-manylinux_2_17_ppc64le.manylinux2014_ppc64le.whl", hash = "sha256:084e537806b458911137f76097e53ce7bf5806dda33ddf6aaa66a028f8d43a23"},
    {file = "orjson-3.10.7-cp38-cp38-manylinux_2_17_s390x.manylinux2014_s390x.whl", hash = "sha256:4829cf2195838e3f93b70fd3b4292156fc5e097aac3739859ac0dcc722b27ac0"},
    {file = "orjson-3.10.7-cp38-cp38-manylinux_2_17_x86_64.manylinux2014_x86_64.whl", hash = "sha256:1193b2416cbad1a769f868b1749535d5da47626ac29445803dae7cc64b3f5c98"},
    {file = "orjson-3.10.7-cp38-cp38-musllinux_1_2_aarch64.whl", hash = "sha256:4e6c3da13e5a57e4b3dca2de059f243ebec705857522f188f0180ae88badd354"},
    {file = "orjson-3.10.7-cp38-cp38-musllinux_1_2_x86_64.whl", hash = "sha256:c31008598424dfbe52ce8c5b47e0752dca918a4fdc4a2a32004efd9fab41d866"},
    {file = "orjson-3.10.7-cp38-none-win32.whl", hash = "sha256:7122a99831f9e7fe977dc45784d3b2edc821c172d545e6420c375e5a935f5a1c"},
    {file = "orjson-3.10.7-cp38-none-win_amd64.whl", hash = "sha256:a763bc0e58504cc803739e7df040685816145a6f3c8a589787084b54ebc9f16e"},
    {file = "orjson-3.10.7-cp39-cp39-macosx_10_15_x86_64.macosx_11_0_arm64.macosx_10_15_universal2.whl", hash = "sha256:e76be12658a6fa376fcd331b1ea4e58f5a06fd0220653450f0d415b8fd0fbe20"},
    {file = "orjson-3.10.7-cp39-cp39-manylinux_2_17_aarch64.manylinux2014_aarch64.whl", hash = "sha256:ed350d6978d28b92939bfeb1a0570c523f6170efc3f0a0ef1f1df287cd4f4960"},
    {file = "orjson-3.10.7-cp39-cp39-manylinux_2_17_armv7l.manylinux2014_armv7l.whl", hash = "sha256:144888c76f8520e39bfa121b31fd637e18d4cc2f115727865fdf9fa325b10412"},
    {file = "orjson-3.10.7-cp39-cp39-manylinux_2_17_ppc64le.manylinux2014_ppc64le.whl", hash = "sha256:09b2d92fd95ad2402188cf51573acde57eb269eddabaa60f69ea0d733e789fe9"},
    {file = "orjson-3.10.7-cp39-cp39-manylinux_2_17_s390x.manylinux2014_s390x.whl", hash = "sha256:5b24a579123fa884f3a3caadaed7b75eb5715ee2b17ab5c66ac97d29b18fe57f"},
    {file = "orjson-3.10.7-cp39-cp39-manylinux_2_17_x86_64.manylinux2014_x86_64.whl", hash = "sha256:e72591bcfe7512353bd609875ab38050efe3d55e18934e2f18950c108334b4ff"},
    {file = "orjson-3.10.7-cp39-cp39-musllinux_1_2_aarch64.whl", hash = "sha256:f4db56635b58cd1a200b0a23744ff44206ee6aa428185e2b6c4a65b3197abdcd"},
    {file = "orjson-3.10.7-cp39-cp39-musllinux_1_2_x86_64.whl", hash = "sha256:0fa5886854673222618638c6df7718ea7fe2f3f2384c452c9ccedc70b4a510a5"},
    {file = "orjson-3.10.7-cp39-none-win32.whl", hash = "sha256:8272527d08450ab16eb405f47e0f4ef0e5ff5981c3d82afe0efd25dcbef2bcd2"},
    {file = "orjson-3.10.7-cp39-none-win_amd64.whl", hash = "sha256:974683d4618c0c7dbf4f69c95a979734bf183d0658611760017f6e70a145af58"},
    {file = "orjson-3.10.7.tar.gz", hash = "sha256:75ef0640403f945f3a1f9f6400686560dbfb0fb5b16589ad62cd477043c4eee3"},
]

[[package]]
name = "pandas"
version = "2.0.3"
requires_python = ">=3.8"
summary = "Powerful data structures for data analysis, time series, and statistics"
groups = ["default"]
dependencies = [
    "numpy>=1.20.3; python_version < \"3.10\"",
    "numpy>=1.21.0; python_version >= \"3.10\"",
    "numpy>=1.23.2; python_version >= \"3.11\"",
    "python-dateutil>=2.8.2",
    "pytz>=2020.1",
    "tzdata>=2022.1",
]
files = [
    {file = "pandas-2.0.3-cp310-cp310-macosx_10_9_x86_64.whl", hash = "sha256:e4c7c9f27a4185304c7caf96dc7d91bc60bc162221152de697c98eb0b2648dd8"},
    {file = "pandas-2.0.3-cp310-cp310-macosx_11_0_arm64.whl", hash = "sha256:f167beed68918d62bffb6ec64f2e1d8a7d297a038f86d4aed056b9493fca407f"},
    {file = "pandas-2.0.3-cp310-cp310-manylinux_2_17_aarch64.manylinux2014_aarch64.whl", hash = "sha256:ce0c6f76a0f1ba361551f3e6dceaff06bde7514a374aa43e33b588ec10420183"},
    {file = "pandas-2.0.3-cp310-cp310-manylinux_2_17_x86_64.manylinux2014_x86_64.whl", hash = "sha256:ba619e410a21d8c387a1ea6e8a0e49bb42216474436245718d7f2e88a2f8d7c0"},
    {file = "pandas-2.0.3-cp310-cp310-win32.whl", hash = "sha256:3ef285093b4fe5058eefd756100a367f27029913760773c8bf1d2d8bebe5d210"},
    {file = "pandas-2.0.3-cp310-cp310-win_amd64.whl", hash = "sha256:9ee1a69328d5c36c98d8e74db06f4ad518a1840e8ccb94a4ba86920986bb617e"},
    {file = "pandas-2.0.3-cp311-cp311-macosx_10_9_x86_64.whl", hash = "sha256:b084b91d8d66ab19f5bb3256cbd5ea661848338301940e17f4492b2ce0801fe8"},
    {file = "pandas-2.0.3-cp311-cp311-macosx_11_0_arm64.whl", hash = "sha256:37673e3bdf1551b95bf5d4ce372b37770f9529743d2498032439371fc7b7eb26"},
    {file = "pandas-2.0.3-cp311-cp311-manylinux_2_17_aarch64.manylinux2014_aarch64.whl", hash = "sha256:b9cb1e14fdb546396b7e1b923ffaeeac24e4cedd14266c3497216dd4448e4f2d"},
    {file = "pandas-2.0.3-cp311-cp311-manylinux_2_17_x86_64.manylinux2014_x86_64.whl", hash = "sha256:d9cd88488cceb7635aebb84809d087468eb33551097d600c6dad13602029c2df"},
    {file = "pandas-2.0.3-cp311-cp311-win32.whl", hash = "sha256:694888a81198786f0e164ee3a581df7d505024fbb1f15202fc7db88a71d84ebd"},
    {file = "pandas-2.0.3-cp311-cp311-win_amd64.whl", hash = "sha256:6a21ab5c89dcbd57f78d0ae16630b090eec626360085a4148693def5452d8a6b"},
    {file = "pandas-2.0.3-cp38-cp38-macosx_10_9_x86_64.whl", hash = "sha256:9e4da0d45e7f34c069fe4d522359df7d23badf83abc1d1cef398895822d11061"},
    {file = "pandas-2.0.3-cp38-cp38-macosx_11_0_arm64.whl", hash = "sha256:32fca2ee1b0d93dd71d979726b12b61faa06aeb93cf77468776287f41ff8fdc5"},
    {file = "pandas-2.0.3-cp38-cp38-manylinux_2_17_aarch64.manylinux2014_aarch64.whl", hash = "sha256:258d3624b3ae734490e4d63c430256e716f488c4fcb7c8e9bde2d3aa46c29089"},
    {file = "pandas-2.0.3-cp38-cp38-manylinux_2_17_x86_64.manylinux2014_x86_64.whl", hash = "sha256:9eae3dc34fa1aa7772dd3fc60270d13ced7346fcbcfee017d3132ec625e23bb0"},
    {file = "pandas-2.0.3-cp38-cp38-win32.whl", hash = "sha256:f3421a7afb1a43f7e38e82e844e2bca9a6d793d66c1a7f9f0ff39a795bbc5e02"},
    {file = "pandas-2.0.3-cp38-cp38-win_amd64.whl", hash = "sha256:69d7f3884c95da3a31ef82b7618af5710dba95bb885ffab339aad925c3e8ce78"},
    {file = "pandas-2.0.3-cp39-cp39-macosx_10_9_x86_64.whl", hash = "sha256:5247fb1ba347c1261cbbf0fcfba4a3121fbb4029d95d9ef4dc45406620b25c8b"},
    {file = "pandas-2.0.3-cp39-cp39-macosx_11_0_arm64.whl", hash = "sha256:81af086f4543c9d8bb128328b5d32e9986e0c84d3ee673a2ac6fb57fd14f755e"},
    {file = "pandas-2.0.3-cp39-cp39-manylinux_2_17_aarch64.manylinux2014_aarch64.whl", hash = "sha256:1994c789bf12a7c5098277fb43836ce090f1073858c10f9220998ac74f37c69b"},
    {file = "pandas-2.0.3-cp39-cp39-manylinux_2_17_x86_64.manylinux2014_x86_64.whl", hash = "sha256:5ec591c48e29226bcbb316e0c1e9423622bc7a4eaf1ef7c3c9fa1a3981f89641"},
    {file = "pandas-2.0.3-cp39-cp39-win32.whl", hash = "sha256:04dbdbaf2e4d46ca8da896e1805bc04eb85caa9a82e259e8eed00254d5e0c682"},
    {file = "pandas-2.0.3-cp39-cp39-win_amd64.whl", hash = "sha256:1168574b036cd8b93abc746171c9b4f1b83467438a5e45909fed645cf8692dbc"},
    {file = "pandas-2.0.3.tar.gz", hash = "sha256:c02f372a88e0d17f36d3093a644c73cfc1788e876a7c4bcb4020a77512e2043c"},
]

[[package]]
name = "python-dateutil"
version = "2.9.0.post0"
requires_python = "!=3.0.*,!=3.1.*,!=3.2.*,>=2.7"
summary = "Extensions to the standard Python datetime module"
groups = ["default"]
dependencies = [
    "six>=1.5",
]
files = [
    {file = "python-dateutil-2.9.0.post0.tar.gz", hash = "sha256:37dd54208da7e1cd875388217d5e00ebd4179249f90fb72437e91a35459a0ad3"},
    {file = "python_dateutil-2.9.0.post0-py2.py3-none-any.whl", hash = "sha256:a8b2bc7bffae282281c8140a97d3aa9c14da0b136dfe83f850eea9a5f7470427"},
]

[[package]]
name = "pytz"
version = "2024.2"
summary = "World timezone definitions, modern and historical"
groups = ["default"]
files = [
    {file = "pytz-2024.2-py2.py3-none-any.whl", hash = "sha256:31c7c1817eb7fae7ca4b8c7ee50c72f93aa2dd863de768e1ef4245d426aa0725"},
    {file = "pytz-2024.2.tar.gz", hash = "sha256:2aa355083c50a0f93fa581709deac0c9ad65cca8a9e9beac660adcbd493c798a"},
]

[[package]]
name = "scikit-learn"
version = "1.3.2"
requires_python = ">=3.8"
summary = "A set of python modules for machine learning and data mining"
groups = ["default"]
dependencies = [
    "joblib>=1.1.1",
    "numpy<2.0,>=1.17.3",
    "scipy>=1.5.0",
    "threadpoolctl>=2.0.0",
]
files = [
    {file = "scikit-learn-1.3.2.tar.gz", hash = "sha256:a2f54c76accc15a34bfb9066e6c7a56c1e7235dda5762b990792330b52ccfb05"},
    {file = "scikit_learn-1.3.2-cp310-cp310-macosx_10_9_x86_64.whl", hash = "sha256:e326c0eb5cf4d6ba40f93776a20e9a7a69524c4db0757e7ce24ba222471ee8a1"},
    {file = "scikit_learn-1.3.2-cp310-cp310-macosx_12_0_arm64.whl", hash = "sha256:535805c2a01ccb40ca4ab7d081d771aea67e535153e35a1fd99418fcedd1648a"},
    {file = "scikit_learn-1.3.2-cp310-cp310-manylinux_2_17_aarch64.manylinux2014_aarch64.whl", hash = "sha256:1215e5e58e9880b554b01187b8c9390bf4dc4692eedeaf542d3273f4785e342c"},
    {file = "scikit_learn-1.3.2-cp310-cp310-manylinux_2_17_x86_64.manylinux2014_x86_64.whl", hash = "sha256:0ee107923a623b9f517754ea2f69ea3b62fc898a3641766cb7deb2f2ce450161"},
    {file = "scikit_learn-1.3.2-cp310-cp310-win_amd64.whl", hash = "sha256:35a22e8015048c628ad099da9df5ab3004cdbf81edc75b396fd0cff8699ac58c"},
    {file = "scikit_learn-1.3.2-cp311-cp311-macosx_10_9_x86_64.whl", hash = "sha256:6fb6bc98f234fda43163ddbe36df8bcde1d13ee176c6dc9b92bb7d3fc842eb66"},
    {file = "scikit_learn-1.3.2-cp311-cp311-macosx_12_0_arm64.whl", hash = "sha256:18424efee518a1cde7b0b53a422cde2f6625197de6af36da0b57ec502f126157"},
    {file = "scikit_learn-1.3.2-cp311-cp311-manylinux_2_17_aarch64.manylinux2014_aarch64.whl", hash = "sha256:3271552a5eb16f208a6f7f617b8cc6d1f137b52c8a1ef8edf547db0259b2c9fb"},
    {file = "scikit_learn-1.3.2-cp311-cp311-manylinux_2_17_x86_64.manylinux2014_x86_64.whl", hash = "sha256:fc4144a5004a676d5022b798d9e573b05139e77f271253a4703eed295bde0433"},
    {file = "scikit_learn-1.3.2-cp311-cp311-win_amd64.whl", hash = "sha256:67f37d708f042a9b8d59551cf94d30431e01374e00dc2645fa186059c6c5d78b"},
    {file = "scikit_learn-1.3.2-cp312-cp312-macosx_10_9_x86_64.whl", hash = "sha256:8db94cd8a2e038b37a80a04df8783e09caac77cbe052146432e67800e430c028"},
    {file = "scikit_learn-1.3.2-cp312-cp312-macosx_12_0_arm64.whl", hash = "sha256:61a6efd384258789aa89415a410dcdb39a50e19d3d8410bd29be365bcdd512d5"},
    {file = "scikit_learn-1.3.2-cp312-cp312-manylinux_2_17_aarch64.manylinux2014_aarch64.whl", hash = "sha256:cb06f8dce3f5ddc5dee1715a9b9f19f20d295bed8e3cd4fa51e1d050347de525"},
    {file = "scikit_learn-1.3.2-cp312-cp312-manylinux_2_17_x86_64.manylinux2014_x86_64.whl", hash = "sha256:5b2de18d86f630d68fe1f87af690d451388bb186480afc719e5f770590c2ef6c"},
    {file = "scikit_learn-1.3.2-cp312-cp312-win_amd64.whl", hash = "sha256:0402638c9a7c219ee52c94cbebc8fcb5eb9fe9c773717965c1f4185588ad3107"},
    {file = "scikit_learn-1.3.2-cp38-cp38-macosx_10_9_x86_64.whl", hash = "sha256:a19f90f95ba93c1a7f7924906d0576a84da7f3b2282ac3bfb7a08a32801add93"},
    {file = "scikit_learn-1.3.2-cp38-cp38-macosx_12_0_arm64.whl", hash = "sha256:b8692e395a03a60cd927125eef3a8e3424d86dde9b2370d544f0ea35f78a8073"},
    {file = "scikit_learn-1.3.2-cp38-cp38-manylinux_2_17_aarch64.manylinux2014_aarch64.whl", hash = "sha256:15e1e94cc23d04d39da797ee34236ce2375ddea158b10bee3c343647d615581d"},
    {file = "scikit_learn-1.3.2-cp38-cp38-manylinux_2_17_x86_64.manylinux2014_x86_64.whl", hash = "sha256:785a2213086b7b1abf037aeadbbd6d67159feb3e30263434139c98425e3dcfcf"},
    {file = "scikit_learn-1.3.2-cp38-cp38-win_amd64.whl", hash = "sha256:64381066f8aa63c2710e6b56edc9f0894cc7bf59bd71b8ce5613a4559b6145e0"},
    {file = "scikit_learn-1.3.2-cp39-cp39-macosx_10_9_x86_64.whl", hash = "sha256:6c43290337f7a4b969d207e620658372ba3c1ffb611f8bc2b6f031dc5c6d1d03"},
    {file = "scikit_learn-1.3.2-cp39-cp39-macosx_12_0_arm64.whl", hash = "sha256:dc9002fc200bed597d5d34e90c752b74df516d592db162f756cc52836b38fe0e"},
    {file = "scikit_learn-1.3.2-cp39-cp39-manylinux_2_17_aarch64.manylinux2014_aarch64.whl", hash = "sha256:1d08ada33e955c54355d909b9c06a4789a729977f165b8bae6f225ff0a60ec4a"},
    {file = "scikit_learn-1.3.2-cp39-cp39-manylinux_2_17_x86_64.manylinux2014_x86_64.whl", hash = "sha256:763f0ae4b79b0ff9cca0bf3716bcc9915bdacff3cebea15ec79652d1cc4fa5c9"},
    {file = "scikit_learn-1.3.2-cp39-cp39-win_amd64.whl", hash = "sha256:ed932ea780517b00dae7431e031faae6b49b20eb6950918eb83bd043237950e0"},
]

[[package]]
name = "scipy"
version = "1.9.3"
requires_python = ">=3.8"
summary = "Fundamental algorithms for scientific computing in Python"
groups = ["default"]
dependencies = [
    "numpy<1.26.0,>=1.18.5",
]
files = [
    {file = "scipy-1.9.3-cp310-cp310-macosx_10_9_x86_64.whl", hash = "sha256:1884b66a54887e21addf9c16fb588720a8309a57b2e258ae1c7986d4444d3bc0"},
    {file = "scipy-1.9.3-cp310-cp310-macosx_12_0_arm64.whl", hash = "sha256:83b89e9586c62e787f5012e8475fbb12185bafb996a03257e9675cd73d3736dd"},
    {file = "scipy-1.9.3-cp310-cp310-manylinux_2_17_aarch64.manylinux2014_aarch64.whl", hash = "sha256:1a72d885fa44247f92743fc20732ae55564ff2a519e8302fb7e18717c5355a8b"},
    {file = "scipy-1.9.3-cp310-cp310-manylinux_2_17_x86_64.manylinux2014_x86_64.whl", hash = "sha256:d01e1dd7b15bd2449c8bfc6b7cc67d630700ed655654f0dfcf121600bad205c9"},
    {file = "scipy-1.9.3-cp310-cp310-win_amd64.whl", hash = "sha256:68239b6aa6f9c593da8be1509a05cb7f9efe98b80f43a5861cd24c7557e98523"},
    {file = "scipy-1.9.3-cp311-cp311-macosx_10_9_x86_64.whl", hash = "sha256:b41bc822679ad1c9a5f023bc93f6d0543129ca0f37c1ce294dd9d386f0a21096"},
    {file = "scipy-1.9.3-cp311-cp311-macosx_12_0_arm64.whl", hash = "sha256:90453d2b93ea82a9f434e4e1cba043e779ff67b92f7a0e85d05d286a3625df3c"},
    {file = "scipy-1.9.3-cp311-cp311-manylinux_2_17_aarch64.manylinux2014_aarch64.whl", hash = "sha256:83c06e62a390a9167da60bedd4575a14c1f58ca9dfde59830fc42e5197283dab"},
    {file = "scipy-1.9.3-cp311-cp311-manylinux_2_17_x86_64.manylinux2014_x86_64.whl", hash = "sha256:abaf921531b5aeaafced90157db505e10345e45038c39e5d9b6c7922d68085cb"},
    {file = "scipy-1.9.3-cp311-cp311-win_amd64.whl", hash = "sha256:06d2e1b4c491dc7d8eacea139a1b0b295f74e1a1a0f704c375028f8320d16e31"},
    {file = "scipy-1.9.3-cp38-cp38-macosx_10_9_x86_64.whl", hash = "sha256:5a04cd7d0d3eff6ea4719371cbc44df31411862b9646db617c99718ff68d4840"},
    {file = "scipy-1.9.3-cp38-cp38-macosx_12_0_arm64.whl", hash = "sha256:545c83ffb518094d8c9d83cce216c0c32f8c04aaf28b92cc8283eda0685162d5"},
    {file = "scipy-1.9.3-cp38-cp38-manylinux_2_17_aarch64.manylinux2014_aarch64.whl", hash = "sha256:0d54222d7a3ba6022fdf5773931b5d7c56efe41ede7f7128c7b1637700409108"},
    {file = "scipy-1.9.3-cp38-cp38-manylinux_2_17_x86_64.manylinux2014_x86_64.whl", hash = "sha256:cff3a5295234037e39500d35316a4c5794739433528310e117b8a9a0c76d20fc"},
    {file = "scipy-1.9.3-cp38-cp38-win_amd64.whl", hash = "sha256:2318bef588acc7a574f5bfdff9c172d0b1bf2c8143d9582e05f878e580a3781e"},
    {file = "scipy-1.9.3-cp39-cp39-macosx_10_9_x86_64.whl", hash = "sha256:d644a64e174c16cb4b2e41dfea6af722053e83d066da7343f333a54dae9bc31c"},
    {file = "scipy-1.9.3-cp39-cp39-macosx_12_0_arm64.whl", hash = "sha256:da8245491d73ed0a994ed9c2e380fd058ce2fa8a18da204681f2fe1f57f98f95"},
    {file = "scipy-1.9.3-cp39-cp39-manylinux_2_17_aarch64.manylinux2014_aarch64.whl", hash = "sha256:4db5b30849606a95dcf519763dd3ab6fe9bd91df49eba517359e450a7d80ce2e"},
    {file = "scipy-1.9.3-cp39-cp39-manylinux_2_17_x86_64.manylinux2014_x86_64.whl", hash = "sha256:c68db6b290cbd4049012990d7fe71a2abd9ffbe82c0056ebe0f01df8be5436b0"},
    {file = "scipy-1.9.3-cp39-cp39-win_amd64.whl", hash = "sha256:5b88e6d91ad9d59478fafe92a7c757d00c59e3bdc3331be8ada76a4f8d683f58"},
    {file = "scipy-1.9.3.tar.gz", hash = "sha256:fbc5c05c85c1a02be77b1ff591087c83bc44579c6d2bd9fb798bb64ea5e1a027"},
]

[[package]]
name = "six"
version = "1.16.0"
requires_python = ">=2.7, !=3.0.*, !=3.1.*, !=3.2.*"
summary = "Python 2 and 3 compatibility utilities"
groups = ["default"]
files = [
    {file = "six-1.16.0-py2.py3-none-any.whl", hash = "sha256:8abb2f1d86890a2dfb989f9a77cfcfd3e47c2a354b01111771326f8aa26e0254"},
    {file = "six-1.16.0.tar.gz", hash = "sha256:1e61c37477a1626458e36f7b1d82aa5c9b094fa4802892072e49de9c60c4c926"},
]

[[package]]
name = "threadpoolctl"
version = "3.5.0"
requires_python = ">=3.8"
summary = "threadpoolctl"
groups = ["default"]
files = [
    {file = "threadpoolctl-3.5.0-py3-none-any.whl", hash = "sha256:56c1e26c150397e58c4926da8eeee87533b1e32bef131bd4bf6a2f45f3185467"},
    {file = "threadpoolctl-3.5.0.tar.gz", hash = "sha256:082433502dd922bf738de0d8bcc4fdcbf0979ff44c42bd40f5af8a282f6fa107"},
]

[[package]]
name = "tzdata"
version = "2024.1"
requires_python = ">=2"
summary = "Provider of IANA time zone data"
groups = ["default"]
files = [
    {file = "tzdata-2024.1-py2.py3-none-any.whl", hash = "sha256:9068bc196136463f5245e51efda838afa15aaeca9903f49050dfa2679db4d252"},
    {file = "tzdata-2024.1.tar.gz", hash = "sha256:2674120f8d891909751c38abcdfd386ac0a5a1127954fbc332af6b5ceae07efd"},
]
